
Microsoft Visual Studio Solution File, Format Version 12.00
# Visual Studio Version 17
VisualStudioVersion = 17.13.35806.99 d17.13
MinimumVisualStudioVersion = 10.0.40219.1
Project("{F184B08F-C81C-45F6-A57F-5ABD9991F28F}") = "KSys", "KSys\KSys.vbproj", "{E1CFDD29-7126-4BDF-83A4-99278145BB99}"
EndProject
Global
	GlobalSection(SolutionConfigurationPlatforms) = preSolution
		Debug|Any CPU = Debug|Any CPU
		Release|Any CPU = Release|Any CPU
	EndGlobalSection
	GlobalSection(ProjectConfigurationPlatforms) = postSolution
		{E1CFDD29-7126-4BDF-83A4-99278145BB99}.Debug|Any CPU.ActiveCfg = Debug|Any CPU
		{E1CFDD29-7126-4BDF-83A4-99278145BB99}.Debug|Any CPU.Build.0 = Debug|Any CPU
		{E1CFDD29-7126-4BDF-83A4-99278145BB99}.Release|Any CPU.ActiveCfg = Release|Any CPU
		{E1CFDD29-7126-4BDF-83A4-99278145BB99}.Release|Any CPU.Build.0 = Release|Any CPU
	EndGlobalSection
	GlobalSection(SolutionProperties) = preSolution
		HideSolutionNode = FALSE
	EndGlobalSection
	GlobalSection(ExtensibilityGlobals) = postSolution
		SolutionGuid = {71FE1153-08E9-4E8E-9A70-F1C212EF591C}
	EndGlobalSection
EndGlobal
